// !$*UTF8*$!
{
	archiveVersion = 1;
	classes = {
	};
	objectVersion = 46;
	objects = {

/* Begin PBXBuildFile section */
		AC7F331D18F930AC003CE948 /* Cocoa.framework in Frameworks */ = {isa = PBXBuildFile; fileRef = AC7F331C18F930AC003CE948 /* Cocoa.framework */; };
		AC7F332718F930AC003CE948 /* InfoPlist.strings in Resources */ = {isa = PBXBuildFile; fileRef = AC7F332518F930AC003CE948 /* InfoPlist.strings */; };
		AC7F332918F930AC003CE948 /* main.m in Sources */ = {isa = PBXBuildFile; fileRef = AC7F332818F930AC003CE948 /* main.m */; };
		AC7F332D18F930AC003CE948 /* Credits.rtf in Resources */ = {isa = PBXBuildFile; fileRef = AC7F332B18F930AC003CE948 /* Credits.rtf */; };
		AC7F333018F930AC003CE948 /* AppDelegate.m in Sources */ = {isa = PBXBuildFile; fileRef = AC7F332F18F930AC003CE948 /* AppDelegate.m */; };
		AC7F333318F930AC003CE948 /* MainMenu.xib in Resources */ = {isa = PBXBuildFile; fileRef = AC7F333118F930AC003CE948 /* MainMenu.xib */; };
		AC7F333518F930AC003CE948 /* Images.xcassets in Resources */ = {isa = PBXBuildFile; fileRef = AC7F333418F930AC003CE948 /* Images.xcassets */; };
		AC7F333C18F930AD003CE948 /* XCTest.framework in Frameworks */ = {isa = PBXBuildFile; fileRef = AC7F333B18F930AD003CE948 /* XCTest.framework */; };
		AC7F333D18F930AD003CE948 /* Cocoa.framework in Frameworks */ = {isa = PBXBuildFile; fileRef = AC7F331C18F930AC003CE948 /* Cocoa.framework */; };
		AC7F334518F930AD003CE948 /* InfoPlist.strings in Resources */ = {isa = PBXBuildFile; fileRef = AC7F334318F930AD003CE948 /* InfoPlist.strings */; };
		AC7F334718F930AD003CE948 /* SoundControlTests.m in Sources */ = {isa = PBXBuildFile; fileRef = AC7F334618F930AD003CE948 /* SoundControlTests.m */; };
/* End PBXBuildFile section */

/* Begin PBXContainerItemProxy section */
		AC7F333E18F930AD003CE948 /* PBXContainerItemProxy */ = {
			isa = PBXContainerItemProxy;
			containerPortal = AC7F331118F930AC003CE948 /* Project object */;
			proxyType = 1;
			remoteGlobalIDString = AC7F331818F930AC003CE948;
			remoteInfo = SoundControl;
		};
/* End PBXContainerItemProxy section */

/* Begin PBXFileReference section */
		AC7F331918F930AC003CE948 /* SoundControl.app */ = {isa = PBXFileReference; explicitFileType = wrapper.application; includeInIndex = 0; path = SoundControl.app; sourceTree = BUILT_PRODUCTS_DIR; };
		AC7F331C18F930AC003CE948 /* Cocoa.framework */ = {isa = PBXFileReference; lastKnownFileType = wrapper.framework; name = Cocoa.framework; path = System/Library/Frameworks/Cocoa.framework; sourceTree = SDKROOT; };
		AC7F331F18F930AC003CE948 /* AppKit.framework */ = {isa = PBXFileReference; lastKnownFileType = wrapper.framework; name = AppKit.framework; path = System/Library/Frameworks/AppKit.framework; sourceTree = SDKROOT; };
		AC7F332018F930AC003CE948 /* CoreData.framework */ = {isa = PBXFileReference; lastKnownFileType = wrapper.framework; name = CoreData.framework; path = System/Library/Frameworks/CoreData.framework; sourceTree = SDKROOT; };
		AC7F332118F930AC003CE948 /* Foundation.framework */ = {isa = PBXFileReference; lastKnownFileType = wrapper.framework; name = Foundation.framework; path = System/Library/Frameworks/Foundation.framework; sourceTree = SDKROOT; };
		AC7F332418F930AC003CE948 /* SoundControl-Info.plist */ = {isa = PBXFileReference; lastKnownFileType = text.plist.xml; path = "SoundControl-Info.plist"; sourceTree = "<group>"; };
		AC7F332618F930AC003CE948 /* en */ = {isa = PBXFileReference; lastKnownFileType = text.plist.strings; name = en; path = en.lproj/InfoPlist.strings; sourceTree = "<group>"; };
		AC7F332818F930AC003CE948 /* main.m */ = {isa = PBXFileReference; lastKnownFileType = sourcecode.c.objc; path = main.m; sourceTree = "<group>"; };
		AC7F332A18F930AC003CE948 /* SoundControl-Prefix.pch */ = {isa = PBXFileReference; lastKnownFileType = sourcecode.c.h; path = "SoundControl-Prefix.pch"; sourceTree = "<group>"; };
		AC7F332C18F930AC003CE948 /* en */ = {isa = PBXFileReference; lastKnownFileType = text.rtf; name = en; path = en.lproj/Credits.rtf; sourceTree = "<group>"; };
		AC7F332E18F930AC003CE948 /* AppDelegate.h */ = {isa = PBXFileReference; lastKnownFileType = sourcecode.c.h; path = AppDelegate.h; sourceTree = "<group>"; };
		AC7F332F18F930AC003CE948 /* AppDelegate.m */ = {isa = PBXFileReference; lastKnownFileType = sourcecode.c.objc; path = AppDelegate.m; sourceTree = "<group>"; };
		AC7F333218F930AC003CE948 /* Base */ = {isa = PBXFileReference; lastKnownFileType = file.xib; name = Base; path = Base.lproj/MainMenu.xib; sourceTree = "<group>"; };
		AC7F333418F930AC003CE948 /* Images.xcassets */ = {isa = PBXFileReference; lastKnownFileType = folder.assetcatalog; path = Images.xcassets; sourceTree = "<group>"; };
		AC7F333A18F930AD003CE948 /* SoundControlTests.xctest */ = {isa = PBXFileReference; explicitFileType = wrapper.cfbundle; includeInIndex = 0; path = SoundControlTests.xctest; sourceTree = BUILT_PRODUCTS_DIR; };
		AC7F333B18F930AD003CE948 /* XCTest.framework */ = {isa = PBXFileReference; lastKnownFileType = wrapper.framework; name = XCTest.framework; path = Library/Frameworks/XCTest.framework; sourceTree = DEVELOPER_DIR; };
		AC7F334218F930AD003CE948 /* SoundControlTests-Info.plist */ = {isa = PBXFileReference; lastKnownFileType = text.plist.xml; path = "SoundControlTests-Info.plist"; sourceTree = "<group>"; };
		AC7F334418F930AD003CE948 /* en */ = {isa = PBXFileReference; lastKnownFileType = text.plist.strings; name = en; path = en.lproj/InfoPlist.strings; sourceTree = "<group>"; };
		AC7F334618F930AD003CE948 /* SoundControlTests.m */ = {isa = PBXFileReference; lastKnownFileType = sourcecode.c.objc; path = SoundControlTests.m; sourceTree = "<group>"; };
/* End PBXFileReference section */

/* Begin PBXFrameworksBuildPhase section */
		AC7F331618F930AC003CE948 /* Frameworks */ = {
			isa = PBXFrameworksBuildPhase;
			buildActionMask = 2147483647;
			files = (
				AC7F331D18F930AC003CE948 /* Cocoa.framework in Frameworks */,
			);
			runOnlyForDeploymentPostprocessing = 0;
		};
		AC7F333718F930AD003CE948 /* Frameworks */ = {
			isa = PBXFrameworksBuildPhase;
			buildActionMask = 2147483647;
			files = (
				AC7F333D18F930AD003CE948 /* Cocoa.framework in Frameworks */,
				AC7F333C18F930AD003CE948 /* XCTest.framework in Frameworks */,
			);
			runOnlyForDeploymentPostprocessing = 0;
		};
/* End PBXFrameworksBuildPhase section */

/* Begin PBXGroup section */
		AC7F331018F930AC003CE948 = {
			isa = PBXGroup;
			children = (
				AC7F332218F930AC003CE948 /* SoundControl */,
				AC7F334018F930AD003CE948 /* SoundControlTests */,
				AC7F331B18F930AC003CE948 /* Frameworks */,
				AC7F331A18F930AC003CE948 /* Products */,
			);
			sourceTree = "<group>";
		};
		AC7F331A18F930AC003CE948 /* Products */ = {
			isa = PBXGroup;
			children = (
				AC7F331918F930AC003CE948 /* SoundControl.app */,
				AC7F333A18F930AD003CE948 /* SoundControlTests.xctest */,
			);
			name = Products;
			sourceTree = "<group>";
		};
		AC7F331B18F930AC003CE948 /* Frameworks */ = {
			isa = PBXGroup;
			children = (
				AC7F331C18F930AC003CE948 /* Cocoa.framework */,
				AC7F333B18F930AD003CE948 /* XCTest.framework */,
				AC7F331E18F930AC003CE948 /* Other Frameworks */,
			);
			name = Frameworks;
			sourceTree = "<group>";
		};
		AC7F331E18F930AC003CE948 /* Other Frameworks */ = {
			isa = PBXGroup;
			children = (
				AC7F331F18F930AC003CE948 /* AppKit.framework */,
				AC7F332018F930AC003CE948 /* CoreData.framework */,
				AC7F332118F930AC003CE948 /* Foundation.framework */,
			);
			name = "Other Frameworks";
			sourceTree = "<group>";
		};
		AC7F332218F930AC003CE948 /* SoundControl */ = {
			isa = PBXGroup;
			children = (
				AC7F332E18F930AC003CE948 /* AppDelegate.h */,
				AC7F332F18F930AC003CE948 /* AppDelegate.m */,
				AC7F333118F930AC003CE948 /* MainMenu.xib */,
				AC7F333418F930AC003CE948 /* Images.xcassets */,
				AC7F332318F930AC003CE948 /* Supporting Files */,
			);
			path = SoundControl;
			sourceTree = "<group>";
		};
		AC7F332318F930AC003CE948 /* Supporting Files */ = {
			isa = PBXGroup;
			children = (
				AC7F332418F930AC003CE948 /* SoundControl-Info.plist */,
				AC7F332518F930AC003CE948 /* InfoPlist.strings */,
				AC7F332818F930AC003CE948 /* main.m */,
				AC7F332A18F930AC003CE948 /* SoundControl-Prefix.pch */,
				AC7F332B18F930AC003CE948 /* Credits.rtf */,
			);
			name = "Supporting Files";
			sourceTree = "<group>";
		};
		AC7F334018F930AD003CE948 /* SoundControlTests */ = {
			isa = PBXGroup;
			children = (
				AC7F334618F930AD003CE948 /* SoundControlTests.m */,
				AC7F334118F930AD003CE948 /* Supporting Files */,
			);
			path = SoundControlTests;
			sourceTree = "<group>";
		};
		AC7F334118F930AD003CE948 /* Supporting Files */ = {
			isa = PBXGroup;
			children = (
				AC7F334218F930AD003CE948 /* SoundControlTests-Info.plist */,
				AC7F334318F930AD003CE948 /* InfoPlist.strings */,
			);
			name = "Supporting Files";
			sourceTree = "<group>";
		};
/* End PBXGroup section */

/* Begin PBXNativeTarget section */
		AC7F331818F930AC003CE948 /* SoundControl */ = {
			isa = PBXNativeTarget;
			buildConfigurationList = AC7F334A18F930AD003CE948 /* Build configuration list for PBXNativeTarget "SoundControl" */;
			buildPhases = (
				AC7F331518F930AC003CE948 /* Sources */,
				AC7F331618F930AC003CE948 /* Frameworks */,
				AC7F331718F930AC003CE948 /* Resources */,
			);
			buildRules = (
			);
			dependencies = (
			);
			name = SoundControl;
			productName = SoundControl;
			productReference = AC7F331918F930AC003CE948 /* SoundControl.app */;
			productType = "com.apple.product-type.application";
		};
		AC7F333918F930AD003CE948 /* SoundControlTests */ = {
			isa = PBXNativeTarget;
			buildConfigurationList = AC7F334D18F930AD003CE948 /* Build configuration list for PBXNativeTarget "SoundControlTests" */;
			buildPhases = (
				AC7F333618F930AD003CE948 /* Sources */,
				AC7F333718F930AD003CE948 /* Frameworks */,
				AC7F333818F930AD003CE948 /* Resources */,
			);
			buildRules = (
			);
			dependencies = (
				AC7F333F18F930AD003CE948 /* PBXTargetDependency */,
			);
			name = SoundControlTests;
			productName = SoundControlTests;
			productReference = AC7F333A18F930AD003CE948 /* SoundControlTests.xctest */;
			productType = "com.apple.product-type.bundle.unit-test";
		};
/* End PBXNativeTarget section */

/* Begin PBXProject section */
		AC7F331118F930AC003CE948 /* Project object */ = {
			isa = PBXProject;
			attributes = {
				LastUpgradeCheck = 0510;
				ORGANIZATIONNAME = "Gautham Kesineni";
				TargetAttributes = {
					AC7F333918F930AD003CE948 = {
						TestTargetID = AC7F331818F930AC003CE948;
					};
				};
			};
			buildConfigurationList = AC7F331418F930AC003CE948 /* Build configuration list for PBXProject "SoundControl" */;
			compatibilityVersion = "Xcode 3.2";
			developmentRegion = English;
			hasScannedForEncodings = 0;
			knownRegions = (
				en,
				Base,
			);
			mainGroup = AC7F331018F930AC003CE948;
			productRefGroup = AC7F331A18F930AC003CE948 /* Products */;
			projectDirPath = "";
			projectRoot = "";
			targets = (
				AC7F331818F930AC003CE948 /* SoundControl */,
				AC7F333918F930AD003CE948 /* SoundControlTests */,
			);
		};
/* End PBXProject section */

/* Begin PBXResourcesBuildPhase section */
		AC7F331718F930AC003CE948 /* Resources */ = {
			isa = PBXResourcesBuildPhase;
			buildActionMask = 2147483647;
			files = (
				AC7F332718F930AC003CE948 /* InfoPlist.strings in Resources */,
				AC7F333518F930AC003CE948 /* Images.xcassets in Resources */,
				AC7F332D18F930AC003CE948 /* Credits.rtf in Resources */,
				AC7F333318F930AC003CE948 /* MainMenu.xib in Resources */,
			);
			runOnlyForDeploymentPostprocessing = 0;
		};
		AC7F333818F930AD003CE948 /* Resources */ = {
			isa = PBXResourcesBuildPhase;
			buildActionMask = 2147483647;
			files = (
				AC7F334518F930AD003CE948 /* InfoPlist.strings in Resources */,
			);
			runOnlyForDeploymentPostprocessing = 0;
		};
/* End PBXResourcesBuildPhase section */

/* Begin PBXSourcesBuildPhase section */
		AC7F331518F930AC003CE948 /* Sources */ = {
			isa = PBXSourcesBuildPhase;
			buildActionMask = 2147483647;
			files = (
				AC7F333018F930AC003CE948 /* AppDelegate.m in Sources */,
				AC7F332918F930AC003CE948 /* main.m in Sources */,
			);
			runOnlyForDeploymentPostprocessing = 0;
		};
		AC7F333618F930AD003CE948 /* Sources */ = {
			isa = PBXSourcesBuildPhase;
			buildActionMask = 2147483647;
			files = (
				AC7F334718F930AD003CE948 /* SoundControlTests.m in Sources */,
			);
			runOnlyForDeploymentPostprocessing = 0;
		};
/* End PBXSourcesBuildPhase section */

/* Begin PBXTargetDependency section */
		AC7F333F18F930AD003CE948 /* PBXTargetDependency */ = {
			isa = PBXTargetDependency;
			target = AC7F331818F930AC003CE948 /* SoundControl */;
			targetProxy = AC7F333E18F930AD003CE948 /* PBXContainerItemProxy */;
		};
/* End PBXTargetDependency section */

/* Begin PBXVariantGroup section */
		AC7F332518F930AC003CE948 /* InfoPlist.strings */ = {
			isa = PBXVariantGroup;
			children = (
				AC7F332618F930AC003CE948 /* en */,
			);
			name = InfoPlist.strings;
			sourceTree = "<group>";
		};
		AC7F332B18F930AC003CE948 /* Credits.rtf */ = {
			isa = PBXVariantGroup;
			children = (
				AC7F332C18F930AC003CE948 /* en */,
			);
			name = Credits.rtf;
			sourceTree = "<group>";
		};
		AC7F333118F930AC003CE948 /* MainMenu.xib */ = {
			isa = PBXVariantGroup;
			children = (
				AC7F333218F930AC003CE948 /* Base */,
			);
			name = MainMenu.xib;
			sourceTree = "<group>";
		};
		AC7F334318F930AD003CE948 /* InfoPlist.strings */ = {
			isa = PBXVariantGroup;
			children = (
				AC7F334418F930AD003CE948 /* en */,
			);
			name = InfoPlist.strings;
			sourceTree = "<group>";
		};
/* End PBXVariantGroup section */

/* Begin XCBuildConfiguration section */
		AC7F334818F930AD003CE948 /* Debug */ = {
			isa = XCBuildConfiguration;
			buildSettings = {
				ALWAYS_SEARCH_USER_PATHS = NO;
				CLANG_CXX_LANGUAGE_STANDARD = "gnu++0x";
				CLANG_CXX_LIBRARY = "libc++";
				CLANG_ENABLE_MODULES = YES;
				CLANG_ENABLE_OBJC_ARC = YES;
				CLANG_WARN_BOOL_CONVERSION = YES;
				CLANG_WARN_CONSTANT_CONVERSION = YES;
				CLANG_WARN_DIRECT_OBJC_ISA_USAGE = YES_ERROR;
				CLANG_WARN_EMPTY_BODY = YES;
				CLANG_WARN_ENUM_CONVERSION = YES;
				CLANG_WARN_INT_CONVERSION = YES;
				CLANG_WARN_OBJC_ROOT_CLASS = YES_ERROR;
				CLANG_WARN__DUPLICATE_METHOD_MATCH = YES;
				COPY_PHASE_STRIP = NO;
				GCC_C_LANGUAGE_STANDARD = gnu99;
				GCC_DYNAMIC_NO_PIC = NO;
				GCC_ENABLE_OBJC_EXCEPTIONS = YES;
				GCC_OPTIMIZATION_LEVEL = 0;
				GCC_PREPROCESSOR_DEFINITIONS = (
					"DEBUG=1",
					"$(inherited)",
				);
				GCC_SYMBOLS_PRIVATE_EXTERN = NO;
				GCC_WARN_64_TO_32_BIT_CONVERSION = YES;
				GCC_WARN_ABOUT_RETURN_TYPE = YES_ERROR;
				GCC_WARN_UNDECLARED_SELECTOR = YES;
				GCC_WARN_UNINITIALIZED_AUTOS = YES_AGGRESSIVE;
				GCC_WARN_UNUSED_FUNCTION = YES;
				GCC_WARN_UNUSED_VARIABLE = YES;
				MACOSX_DEPLOYMENT_TARGET = 10.9;
				ONLY_ACTIVE_ARCH = YES;
				SDKROOT = macosx;
			};
			name = Debug;
		};
		AC7F334918F930AD003CE948 /* Release */ = {
			isa = XCBuildConfiguration;
			buildSettings = {
				ALWAYS_SEARCH_USER_PATHS = NO;
				CLANG_CXX_LANGUAGE_STANDARD = "gnu++0x";
				CLANG_CXX_LIBRARY = "libc++";
				CLANG_ENABLE_MODULES = YES;
				CLANG_ENABLE_OBJC_ARC = YES;
				CLANG_WARN_BOOL_CONVERSION = YES;
				CLANG_WARN_CONSTANT_CONVERSION = YES;
				CLANG_WARN_DIRECT_OBJC_ISA_USAGE = YES_ERROR;
				CLANG_WARN_EMPTY_BODY = YES;
				CLANG_WARN_ENUM_CONVERSION = YES;
				CLANG_WARN_INT_CONVERSION = YES;
				CLANG_WARN_OBJC_ROOT_CLASS = YES_ERROR;
				CLANG_WARN__DUPLICATE_METHOD_MATCH = YES;
				COPY_PHASE_STRIP = YES;
				DEBUG_INFORMATION_FORMAT = "dwarf-with-dsym";
				ENABLE_NS_ASSERTIONS = NO;
				GCC_C_LANGUAGE_STANDARD = gnu99;
				GCC_ENABLE_OBJC_EXCEPTIONS = YES;
				GCC_WARN_64_TO_32_BIT_CONVERSION = YES;
				GCC_WARN_ABOUT_RETURN_TYPE = YES_ERROR;
				GCC_WARN_UNDECLARED_SELECTOR = YES;
				GCC_WARN_UNINITIALIZED_AUTOS = YES_AGGRESSIVE;
				GCC_WARN_UNUSED_FUNCTION = YES;
				GCC_WARN_UNUSED_VARIABLE = YES;
				MACOSX_DEPLOYMENT_TARGET = 10.9;
				SDKROOT = macosx;
			};
			name = Release;
		};
		AC7F334B18F930AD003CE948 /* Debug */ = {
			isa = XCBuildConfiguration;
			buildSettings = {
				ASSETCATALOG_COMPILER_APPICON_NAME = AppIcon;
				COMBINE_HIDPI_IMAGES = YES;
				GCC_PRECOMPILE_PREFIX_HEADER = YES;
				GCC_PREFIX_HEADER = "SoundControl/SoundControl-Prefix.pch";
				INFOPLIST_FILE = "SoundControl/SoundControl-Info.plist";
				PRODUCT_NAME = "$(TARGET_NAME)";
				WRAPPER_EXTENSION = app;
			};
			name = Debug;
		};
		AC7F334C18F930AD003CE948 /* Release */ = {
			isa = XCBuildConfiguration;
			buildSettings = {
				ASSETCATALOG_COMPILER_APPICON_NAME = AppIcon;
				COMBINE_HIDPI_IMAGES = YES;
				GCC_PRECOMPILE_PREFIX_HEADER = YES;
				GCC_PREFIX_HEADER = "SoundControl/SoundControl-Prefix.pch";
				INFOPLIST_FILE = "SoundControl/SoundControl-Info.plist";
				PRODUCT_NAME = "$(TARGET_NAME)";
				WRAPPER_EXTENSION = app;
			};
			name = Release;
		};
		AC7F334E18F930AD003CE948 /* Debug */ = {
			isa = XCBuildConfiguration;
			buildSettings = {
				BUNDLE_LOADER = "$(BUILT_PRODUCTS_DIR)/SoundControl.app/Contents/MacOS/SoundControl";
				COMBINE_HIDPI_IMAGES = YES;
				FRAMEWORK_SEARCH_PATHS = (
					"$(DEVELOPER_FRAMEWORKS_DIR)",
					"$(inherited)",
				);
				GCC_PRECOMPILE_PREFIX_HEADER = YES;
				GCC_PREFIX_HEADER = "SoundControl/SoundControl-Prefix.pch";
				GCC_PREPROCESSOR_DEFINITIONS = (
					"DEBUG=1",
					"$(inherited)",
				);
				INFOPLIST_FILE = "SoundControlTests/SoundControlTests-Info.plist";
				PRODUCT_NAME = "$(TARGET_NAME)";
				TEST_HOST = "$(BUNDLE_LOADER)";
				WRAPPER_EXTENSION = xctest;
			};
			name = Debug;
		};
		AC7F334F18F930AD003CE948 /* Release */ = {
			isa = XCBuildConfiguration;
			buildSettings = {
				BUNDLE_LOADER = "$(BUILT_PRODUCTS_DIR)/SoundControl.app/Contents/MacOS/SoundControl";
				COMBINE_HIDPI_IMAGES = YES;
				FRAMEWORK_SEARCH_PATHS = (
					"$(DEVELOPER_FRAMEWORKS_DIR)",
					"$(inherited)",
				);
				GCC_PRECOMPILE_PREFIX_HEADER = YES;
				GCC_PREFIX_HEADER = "SoundControl/SoundControl-Prefix.pch";
				INFOPLIST_FILE = "SoundControlTests/SoundControlTests-Info.plist";
				PRODUCT_NAME = "$(TARGET_NAME)";
				TEST_HOST = "$(BUNDLE_LOADER)";
				WRAPPER_EXTENSION = xctest;
			};
			name = Release;
		};
/* End XCBuildConfiguration section */

/* Begin XCConfigurationList section */
		AC7F331418F930AC003CE948 /* Build configuration list for PBXProject "SoundControl" */ = {
			isa = XCConfigurationList;
			buildConfigurations = (
				AC7F334818F930AD003CE948 /* Debug */,
				AC7F334918F930AD003CE948 /* Release */,
			);
			defaultConfigurationIsVisible = 0;
			defaultConfigurationName = Release;
		};
		AC7F334A18F930AD003CE948 /* Build configuration list for PBXNativeTarget "SoundControl" */ = {
			isa = XCConfigurationList;
			buildConfigurations = (
				AC7F334B18F930AD003CE948 /* Debug */,
				AC7F334C18F930AD003CE948 /* Release */,
			);
			defaultConfigurationIsVisible = 0;
		};
		AC7F334D18F930AD003CE948 /* Build configuration list for PBXNativeTarget "SoundControlTests" */ = {
			isa = XCConfigurationList;
			buildConfigurations = (
				AC7F334E18F930AD003CE948 /* Debug */,
				AC7F334F18F930AD003CE948 /* Release */,
			);
			defaultConfigurationIsVisible = 0;
		};
/* End XCConfigurationList section */
	};
	rootObject = AC7F331118F930AC003CE948 /* Project object */;
}
